
Microsoft Visual Studio Solution File, Format Version 12.00
# Visual Studio Version 16
VisualStudioVersion = 16.0.29411.108
MinimumVisualStudioVersion = 10.0.40219.1
Project("{FAE04EC0-301F-11D3-BF4B-00C04F79EFBC}") = "FaceDemo", "FaceDemo\FaceDemo.csproj", "{95F161C4-4CDA-4658-825B-7208C6324DE5}"
EndProject
Global
	GlobalSection(SolutionConfigurationPlatforms) = preSolution
		Debug|Any CPU = Debug|Any CPU
		Release|Any CPU = Release|Any CPU
	EndGlobalSection
	GlobalSection(ProjectConfigurationPlatforms) = postSolution
		{95F161C4-4CDA-4658-825B-7208C6324DE5}.Debug|Any CPU.ActiveCfg = Debug|Any CPU
		{95F161C4-4CDA-4658-825B-7208C6324DE5}.Debug|Any CPU.Build.0 = Debug|Any CPU
		{95F161C4-4CDA-4658-825B-7208C6324DE5}.Release|Any CPU.ActiveCfg = Release|Any CPU
		{95F161C4-4CDA-4658-825B-7208C6324DE5}.Release|Any CPU.Build.0 = Release|Any CPU
	EndGlobalSection
	GlobalSection(SolutionProperties) = preSolution
		HideSolutionNode = FALSE
	EndGlobalSection
	GlobalSection(ExtensibilityGlobals) = postSolution
		SolutionGuid = {8644B149-6D57-4A5D-B396-9735B45DE26F}
	EndGlobalSection
EndGlobal
